
Microsoft Visual Studio Solution File, Format Version 12.00
# Visual Studio Version 16
VisualStudioVersion = 16.0.31729.503
MinimumVisualStudioVersion = 10.0.40219.1
Project("{FAE04EC0-301F-11D3-BF4B-00C04F79EFBC}") = "WebApplication", "WebApplication\WebApplication.csproj", "{A91A2C12-2B4E-4B20-ABDA-02841549CF87}"
EndProject
Global
	GlobalSection(SolutionConfigurationPlatforms) = preSolution
		Debug|Any CPU = Debug|Any CPU
		Release|Any CPU = Release|Any CPU
	EndGlobalSection
	GlobalSection(ProjectConfigurationPlatforms) = postSolution
		{A91A2C12-2B4E-4B20-ABDA-02841549CF87}.Debug|Any CPU.ActiveCfg = Debug|Any CPU
		{A91A2C12-2B4E-4B20-ABDA-02841549CF87}.Debug|Any CPU.Build.0 = Debug|Any CPU
		{A91A2C12-2B4E-4B20-ABDA-02841549CF87}.Release|Any CPU.ActiveCfg = Release|Any CPU
		{A91A2C12-2B4E-4B20-ABDA-02841549CF87}.Release|Any CPU.Build.0 = Release|Any CPU
	EndGlobalSection
	GlobalSection(SolutionProperties) = preSolution
		HideSolutionNode = FALSE
	EndGlobalSection
	GlobalSection(ExtensibilityGlobals) = postSolution
		SolutionGuid = {BD7F8BDF-7CB7-4BAF-B40A-272D2B72DA17}
	EndGlobalSection
EndGlobal
